
Microsoft Visual Studio Solution File, Format Version 12.00
# Visual Studio Version 16
VisualStudioVersion = 16.0.32802.440
MinimumVisualStudioVersion = 10.0.40219.1
Project("{FAE04EC0-301F-11D3-BF4B-00C04F79EFBC}") = "AspNetWebFormsTemplate", "AspNetWebFormsTemplate\AspNetWebFormsTemplate.csproj", "{9FAAF2E5-4D24-4630-8A76-16CB4C4AA69D}"
EndProject
Global
	GlobalSection(SolutionConfigurationPlatforms) = preSolution
		Debug|Any CPU = Debug|Any CPU
		Release|Any CPU = Release|Any CPU
	EndGlobalSection
	GlobalSection(ProjectConfigurationPlatforms) = postSolution
		{9FAAF2E5-4D24-4630-8A76-16CB4C4AA69D}.Debug|Any CPU.ActiveCfg = Debug|Any CPU
		{9FAAF2E5-4D24-4630-8A76-16CB4C4AA69D}.Debug|Any CPU.Build.0 = Debug|Any CPU
		{9FAAF2E5-4D24-4630-8A76-16CB4C4AA69D}.Release|Any CPU.ActiveCfg = Release|Any CPU
		{9FAAF2E5-4D24-4630-8A76-16CB4C4AA69D}.Release|Any CPU.Build.0 = Release|Any CPU
	EndGlobalSection
	GlobalSection(SolutionProperties) = preSolution
		HideSolutionNode = FALSE
	EndGlobalSection
	GlobalSection(ExtensibilityGlobals) = postSolution
		SolutionGuid = {ADA7A1A0-EC14-4118-B8E5-47F9877A573B}
	EndGlobalSection
EndGlobal
